# THIS IS AN AUTOGENERATED FILE. DO NOT EDIT THIS FILE DIRECTLY.
# yarn lockfile v1


"@types/graphql@0.10.2":
  version "0.10.2"
  resolved "https://registry.yarnpkg.com/@types/graphql/-/graphql-0.10.2.tgz#d7c79acbaa17453b6681c80c34b38fcb10c4c08c"

apollo-client@^1.9.1:
  version "1.9.1"
  resolved "https://registry.yarnpkg.com/apollo-client/-/apollo-client-1.9.1.tgz#9e6a383605572c755038cf5d7fdac9382bcdc040"
  dependencies:
    apollo-link-core "^0.5.0"
    graphql "^0.10.0"
    graphql-anywhere "^3.0.1"
    graphql-tag "^2.0.0"
    redux "^3.4.0"
    symbol-observable "^1.0.2"
    whatwg-fetch "^2.0.0"
  optionalDependencies:
    "@types/graphql" "0.10.2"

apollo-link-core@^0.5.0:
  version "0.5.0"
  resolved "https://registry.yarnpkg.com/apollo-link-core/-/apollo-link-core-0.5.0.tgz#dc87da1aaa63b029321ae70938dc26257f5ab8c6"
  dependencies:
    graphql "^0.10.3"
    graphql-tag "^2.4.2"
    zen-observable-ts "^0.4.0"

graphql-anywhere@^3.0.1:
  version "3.1.0"
  resolved "https://registry.yarnpkg.com/graphql-anywhere/-/graphql-anywhere-3.1.0.tgz#3ea0d8e8646b5cee68035016a9a7557c15c21e96"

graphql-tag@^2.0.0, graphql-tag@^2.4.2:
  version "2.4.2"
  resolved "https://registry.yarnpkg.com/graphql-tag/-/graphql-tag-2.4.2.tgz#6a63297d8522d03a2b72d26f1b239aab343840cd"

graphql@^0.10.0, graphql@^0.10.3:
  version "0.10.5"
  resolved "https://registry.yarnpkg.com/graphql/-/graphql-0.10.5.tgz#c9be17ca2bdfdbd134077ffd9bbaa48b8becd298"
  dependencies:
    iterall "^1.1.0"

iterall@^1.1.0:
  version "1.1.1"
  resolved "https://registry.yarnpkg.com/iterall/-/iterall-1.1.1.tgz#f7f0af11e9a04ec6426260f5019d9fcca4d50214"

js-tokens@^3.0.0:
  version "3.0.2"
  resolved "https://registry.yarnpkg.com/js-tokens/-/js-tokens-3.0.2.tgz#9866df395102130e38f7f996bceb65443209c25b"

lodash-es@^4.2.1:
  version "4.17.4"
  resolved "https://registry.yarnpkg.com/lodash-es/-/lodash-es-4.17.4.tgz#dcc1d7552e150a0640073ba9cb31d70f032950e7"

lodash.debounce@^4.0.8:
  version "4.0.8"
  resolved "https://registry.yarnpkg.com/lodash.debounce/-/lodash.debounce-4.0.8.tgz#82d79bff30a67c4005ffd5e2515300ad9ca4d7af"

lodash.omit@^4.5.0:
  version "4.5.0"
  resolved "https://registry.yarnpkg.com/lodash.omit/-/lodash.omit-4.5.0.tgz#6eb19ae5a1ee1dd9df0b969e66ce0b7fa30b5e60"

lodash.throttle@^4.1.1:
  version "4.1.1"
  resolved "https://registry.yarnpkg.com/lodash.throttle/-/lodash.throttle-4.1.1.tgz#c23e91b710242ac70c37f1e1cda9274cc39bf2f4"

lodash@^4.2.1:
  version "4.17.4"
  resolved "https://registry.yarnpkg.com/lodash/-/lodash-4.17.4.tgz#78203a4d1c328ae1d86dca6460e369b57f4055ae"

loose-envify@^1.1.0:
  version "1.3.1"
  resolved "https://registry.yarnpkg.com/loose-envify/-/loose-envify-1.3.1.tgz#d1a8ad33fa9ce0e713d65fdd0ac8b748d478c848"
  dependencies:
    js-tokens "^3.0.0"

redux@^3.4.0:
  version "3.7.2"
  resolved "https://registry.yarnpkg.com/redux/-/redux-3.7.2.tgz#06b73123215901d25d065be342eb026bc1c8537b"
  dependencies:
    lodash "^4.2.1"
    lodash-es "^4.2.1"
    loose-envify "^1.1.0"
    symbol-observable "^1.0.3"

symbol-observable@^1.0.2, symbol-observable@^1.0.3:
  version "1.0.4"
  resolved "https://registry.yarnpkg.com/symbol-observable/-/symbol-observable-1.0.4.tgz#29bf615d4aa7121bdd898b22d4b3f9bc4e2aa03d"

vue-apollo@^2.1.0-beta.23:
  version "2.1.0-beta.23"
  resolved "https://registry.yarnpkg.com/vue-apollo/-/vue-apollo-2.1.0-beta.23.tgz#0f2b496b2391066df282d2261cc79ba143aaaee7"
  dependencies:
    lodash.debounce "^4.0.8"
    lodash.omit "^4.5.0"
    lodash.throttle "^4.1.1"

vuelidate@^0.5.0:
  version "0.5.0"
  resolved "https://registry.yarnpkg.com/vuelidate/-/vuelidate-0.5.0.tgz#c315659a023e760d0fb11b6b42b6c3cdf08306c3"

whatwg-fetch@^2.0.0:
  version "2.0.3"
  resolved "https://registry.yarnpkg.com/whatwg-fetch/-/whatwg-fetch-2.0.3.tgz#9c84ec2dcf68187ff00bc64e1274b442176e1c84"

zen-observable-ts@^0.4.0:
  version "0.4.0"
  resolved "https://registry.yarnpkg.com/zen-observable-ts/-/zen-observable-ts-0.4.0.tgz#a74bc9fe59747948a577bd513d438e70fcfae7e2"
